
Microsoft Visual Studio Solution File, Format Version 12.00
# Visual Studio 15
VisualStudioVersion = 15.0.27004.2006
MinimumVisualStudioVersion = 10.0.40219.1
Project("{FAE04EC0-301F-11D3-BF4B-00C04F79EFBC}") = "ClipboardBookmark", "ClipboardBookmark\ClipboardBookmark.csproj", "{92C92F04-8093-4B47-9F6C-D9CBEC5DD5E2}"
EndProject
Project("{FAE04EC0-301F-11D3-BF4B-00C04F79EFBC}") = "ClipboardBookmarkTests", "ClipboardBookmarkTests\ClipboardBookmarkTests.csproj", "{F944BCD7-248A-4777-86E1-D6FAAA62F1BE}"
EndProject
Global
	GlobalSection(SolutionConfigurationPlatforms) = preSolution
		ClipboardBookmarkR|Any CPU = ClipboardBookmarkR|Any CPU
		Debug|Any CPU = Debug|Any CPU
		Release|Any CPU = Release|Any CPU
	EndGlobalSection
	GlobalSection(ProjectConfigurationPlatforms) = postSolution
		{92C92F04-8093-4B47-9F6C-D9CBEC5DD5E2}.ClipboardBookmarkR|Any CPU.ActiveCfg = ClipboardBookmarkR|Any CPU
		{92C92F04-8093-4B47-9F6C-D9CBEC5DD5E2}.ClipboardBookmarkR|Any CPU.Build.0 = ClipboardBookmarkR|Any CPU
		{92C92F04-8093-4B47-9F6C-D9CBEC5DD5E2}.Debug|Any CPU.ActiveCfg = Debug|Any CPU
		{92C92F04-8093-4B47-9F6C-D9CBEC5DD5E2}.Debug|Any CPU.Build.0 = Debug|Any CPU
		{92C92F04-8093-4B47-9F6C-D9CBEC5DD5E2}.Release|Any CPU.ActiveCfg = Release|Any CPU
		{92C92F04-8093-4B47-9F6C-D9CBEC5DD5E2}.Release|Any CPU.Build.0 = Release|Any CPU
		{F944BCD7-248A-4777-86E1-D6FAAA62F1BE}.ClipboardBookmarkR|Any CPU.ActiveCfg = Release|Any CPU
		{F944BCD7-248A-4777-86E1-D6FAAA62F1BE}.ClipboardBookmarkR|Any CPU.Build.0 = Release|Any CPU
		{F944BCD7-248A-4777-86E1-D6FAAA62F1BE}.Debug|Any CPU.ActiveCfg = Debug|Any CPU
		{F944BCD7-248A-4777-86E1-D6FAAA62F1BE}.Debug|Any CPU.Build.0 = Debug|Any CPU
		{F944BCD7-248A-4777-86E1-D6FAAA62F1BE}.Release|Any CPU.ActiveCfg = Release|Any CPU
		{F944BCD7-248A-4777-86E1-D6FAAA62F1BE}.Release|Any CPU.Build.0 = Release|Any CPU
	EndGlobalSection
	GlobalSection(SolutionProperties) = preSolution
		HideSolutionNode = FALSE
	EndGlobalSection
	GlobalSection(ExtensibilityGlobals) = postSolution
		SolutionGuid = {48B798DF-5E7E-4511-A57A-B9A60B0DEB68}
	EndGlobalSection
EndGlobal
